{
  "nodes": {
    "darwin": {
      "inputs": {
        "nixpkgs": [
          "nixpkgs"
        ]
      },
      "locked": {
        "lastModified": 1731885500,
        "narHash": "sha256-ZrztYfSOS33J+ewq5alBOSdnIyZ0/sr1iy7FyBe9zIg=",
        "owner": "lnl7",
        "repo": "nix-darwin",
        "rev": "c60b5c924c6188a0b3ca2e139ead3d0f92ae5db5",
        "type": "github"
      },
      "original": {
        "owner": "lnl7",
        "repo": "nix-darwin",
        "type": "github"
      }
    },
    "home-manager": {
      "inputs": {
        "nixpkgs": [
          "nixpkgs"
        ]
      },
      "locked": {
        "lastModified": 1731887066,
        "narHash": "sha256-uw7K/RsYioJicV79Nl39yjtfhdfTDU2aRxnBgvFhkZ8=",
        "owner": "nix-community",
        "repo": "home-manager",
        "rev": "f3a2ff69586f3a54b461526e5702b1a2f81e740a",
        "type": "github"
      },
      "original": {
        "owner": "nix-community",
        "repo": "home-manager",
        "type": "github"
      }
    },
    "nixpkgs": {
      "locked": {
        "lastModified": 1731816655,
        "narHash": "sha256-55e1JMAuYvHZs9EICprWgJ4RmaWwDuSjzJ5K7S7zb6w=",
        "owner": "nixos",
        "repo": "nixpkgs",
        "rev": "0a14706530dcb90acecb81ce0da219d88baaae75",
        "type": "github"
      },
      "original": {
        "owner": "nixos",
        "ref": "nixpkgs-unstable",
        "repo": "nixpkgs",
        "type": "github"
      }
    },
    "root": {
      "inputs": {
        "darwin": "darwin",
        "home-manager": "home-manager",
        "nixpkgs": "nixpkgs"
      }
    }
  },
  "root": "root",
  "version": 7
}
